// !$*UTF8*$!
{
	archiveVersion = 1;
	classes = {
	};
	objectVersion = 56;
	objects = {

/* Begin PBXBuildFile section */
		5CF9E6032AE03DF30068B6BD /* ValorantAppApp.swift in Sources */ = {isa = PBXBuildFile; fileRef = 5CF9E6022AE03DF30068B6BD /* ValorantAppApp.swift */; };
		5CF9E6052AE03DF30068B6BD /* ContentView.swift in Sources */ = {isa = PBXBuildFile; fileRef = 5CF9E6042AE03DF30068B6BD /* ContentView.swift */; };
		5CF9E6072AE03DF40068B6BD /* Assets.xcassets in Resources */ = {isa = PBXBuildFile; fileRef = 5CF9E6062AE03DF40068B6BD /* Assets.xcassets */; };
		5CF9E60A2AE03DF40068B6BD /* Preview Assets.xcassets in Resources */ = {isa = PBXBuildFile; fileRef = 5CF9E6092AE03DF40068B6BD /* Preview Assets.xcassets */; };
		5CF9E6142AE03DF40068B6BD /* ValorantAppTests.swift in Sources */ = {isa = PBXBuildFile; fileRef = 5CF9E6132AE03DF40068B6BD /* ValorantAppTests.swift */; };
		5CF9E61E2AE03DF40068B6BD /* ValorantAppUITests.swift in Sources */ = {isa = PBXBuildFile; fileRef = 5CF9E61D2AE03DF40068B6BD /* ValorantAppUITests.swift */; };
		5CF9E6202AE03DF40068B6BD /* ValorantAppUITestsLaunchTests.swift in Sources */ = {isa = PBXBuildFile; fileRef = 5CF9E61F2AE03DF40068B6BD /* ValorantAppUITestsLaunchTests.swift */; };
/* End PBXBuildFile section */

/* Begin PBXContainerItemProxy section */
		5CF9E6102AE03DF40068B6BD /* PBXContainerItemProxy */ = {
			isa = PBXContainerItemProxy;
			containerPortal = 5CF9E5F72AE03DF30068B6BD /* Project object */;
			proxyType = 1;
			remoteGlobalIDString = 5CF9E5FE2AE03DF30068B6BD;
			remoteInfo = ValorantApp;
		};
		5CF9E61A2AE03DF40068B6BD /* PBXContainerItemProxy */ = {
			isa = PBXContainerItemProxy;
			containerPortal = 5CF9E5F72AE03DF30068B6BD /* Project object */;
			proxyType = 1;
			remoteGlobalIDString = 5CF9E5FE2AE03DF30068B6BD;
			remoteInfo = ValorantApp;
		};
/* End PBXContainerItemProxy section */

/* Begin PBXFileReference section */
		5CF9E5FF2AE03DF30068B6BD /* ValorantApp.app */ = {isa = PBXFileReference; explicitFileType = wrapper.application; includeInIndex = 0; path = ValorantApp.app; sourceTree = BUILT_PRODUCTS_DIR; };
		5CF9E6022AE03DF30068B6BD /* ValorantAppApp.swift */ = {isa = PBXFileReference; lastKnownFileType = sourcecode.swift; path = ValorantAppApp.swift; sourceTree = "<group>"; };
		5CF9E6042AE03DF30068B6BD /* ContentView.swift */ = {isa = PBXFileReference; lastKnownFileType = sourcecode.swift; path = ContentView.swift; sourceTree = "<group>"; };
		5CF9E6062AE03DF40068B6BD /* Assets.xcassets */ = {isa = PBXFileReference; lastKnownFileType = folder.assetcatalog; path = Assets.xcassets; sourceTree = "<group>"; };
		5CF9E6092AE03DF40068B6BD /* Preview Assets.xcassets */ = {isa = PBXFileReference; lastKnownFileType = folder.assetcatalog; path = "Preview Assets.xcassets"; sourceTree = "<group>"; };
		5CF9E60F2AE03DF40068B6BD /* ValorantAppTests.xctest */ = {isa = PBXFileReference; explicitFileType = wrapper.cfbundle; includeInIndex = 0; path = ValorantAppTests.xctest; sourceTree = BUILT_PRODUCTS_DIR; };
		5CF9E6132AE03DF40068B6BD /* ValorantAppTests.swift */ = {isa = PBXFileReference; lastKnownFileType = sourcecode.swift; path = ValorantAppTests.swift; sourceTree = "<group>"; };
		5CF9E6192AE03DF40068B6BD /* ValorantAppUITests.xctest */ = {isa = PBXFileReference; explicitFileType = wrapper.cfbundle; includeInIndex = 0; path = ValorantAppUITests.xctest; sourceTree = BUILT_PRODUCTS_DIR; };
		5CF9E61D2AE03DF40068B6BD /* ValorantAppUITests.swift */ = {isa = PBXFileReference; lastKnownFileType = sourcecode.swift; path = ValorantAppUITests.swift; sourceTree = "<group>"; };
		5CF9E61F2AE03DF40068B6BD /* ValorantAppUITestsLaunchTests.swift */ = {isa = PBXFileReference; lastKnownFileType = sourcecode.swift; path = ValorantAppUITestsLaunchTests.swift; sourceTree = "<group>"; };
/* End PBXFileReference section */

/* Begin PBXFrameworksBuildPhase section */
		5CF9E5FC2AE03DF30068B6BD /* Frameworks */ = {
			isa = PBXFrameworksBuildPhase;
			buildActionMask = 2147483647;
			files = (
			);
			runOnlyForDeploymentPostprocessing = 0;
		};
		5CF9E60C2AE03DF40068B6BD /* Frameworks */ = {
			isa = PBXFrameworksBuildPhase;
			buildActionMask = 2147483647;
			files = (
			);
			runOnlyForDeploymentPostprocessing = 0;
		};
		5CF9E6162AE03DF40068B6BD /* Frameworks */ = {
			isa = PBXFrameworksBuildPhase;
			buildActionMask = 2147483647;
			files = (
			);
			runOnlyForDeploymentPostprocessing = 0;
		};
/* End PBXFrameworksBuildPhase section */

/* Begin PBXGroup section */
		5CF9E5F62AE03DF30068B6BD = {
			isa = PBXGroup;
			children = (
				5CF9E6012AE03DF30068B6BD /* ValorantApp */,
				5CF9E6122AE03DF40068B6BD /* ValorantAppTests */,
				5CF9E61C2AE03DF40068B6BD /* ValorantAppUITests */,
				5CF9E6002AE03DF30068B6BD /* Products */,
			);
			sourceTree = "<group>";
		};
		5CF9E6002AE03DF30068B6BD /* Products */ = {
			isa = PBXGroup;
			children = (
				5CF9E5FF2AE03DF30068B6BD /* ValorantApp.app */,
				5CF9E60F2AE03DF40068B6BD /* ValorantAppTests.xctest */,
				5CF9E6192AE03DF40068B6BD /* ValorantAppUITests.xctest */,
			);
			name = Products;
			sourceTree = "<group>";
		};
		5CF9E6012AE03DF30068B6BD /* ValorantApp */ = {
			isa = PBXGroup;
			children = (
				5CF9E6022AE03DF30068B6BD /* ValorantAppApp.swift */,
				5CF9E6042AE03DF30068B6BD /* ContentView.swift */,
				5CF9E6062AE03DF40068B6BD /* Assets.xcassets */,
				5CF9E6082AE03DF40068B6BD /* Preview Content */,
			);
			path = ValorantApp;
			sourceTree = "<group>";
		};
		5CF9E6082AE03DF40068B6BD /* Preview Content */ = {
			isa = PBXGroup;
			children = (
				5CF9E6092AE03DF40068B6BD /* Preview Assets.xcassets */,
			);
			path = "Preview Content";
			sourceTree = "<group>";
		};
		5CF9E6122AE03DF40068B6BD /* ValorantAppTests */ = {
			isa = PBXGroup;
			children = (
				5CF9E6132AE03DF40068B6BD /* ValorantAppTests.swift */,
			);
			path = ValorantAppTests;
			sourceTree = "<group>";
		};
		5CF9E61C2AE03DF40068B6BD /* ValorantAppUITests */ = {
			isa = PBXGroup;
			children = (
				5CF9E61D2AE03DF40068B6BD /* ValorantAppUITests.swift */,
				5CF9E61F2AE03DF40068B6BD /* ValorantAppUITestsLaunchTests.swift */,
			);
			path = ValorantAppUITests;
			sourceTree = "<group>";
		};
/* End PBXGroup section */

/* Begin PBXNativeTarget section */
		5CF9E5FE2AE03DF30068B6BD /* ValorantApp */ = {
			isa = PBXNativeTarget;
			buildConfigurationList = 5CF9E6232AE03DF40068B6BD /* Build configuration list for PBXNativeTarget "ValorantApp" */;
			buildPhases = (
				5CF9E5FB2AE03DF30068B6BD /* Sources */,
				5CF9E5FC2AE03DF30068B6BD /* Frameworks */,
				5CF9E5FD2AE03DF30068B6BD /* Resources */,
			);
			buildRules = (
			);
			dependencies = (
			);
			name = ValorantApp;
			productName = ValorantApp;
			productReference = 5CF9E5FF2AE03DF30068B6BD /* ValorantApp.app */;
			productType = "com.apple.product-type.application";
		};
		5CF9E60E2AE03DF40068B6BD /* ValorantAppTests */ = {
			isa = PBXNativeTarget;
			buildConfigurationList = 5CF9E6262AE03DF40068B6BD /* Build configuration list for PBXNativeTarget "ValorantAppTests" */;
			buildPhases = (
				5CF9E60B2AE03DF40068B6BD /* Sources */,
				5CF9E60C2AE03DF40068B6BD /* Frameworks */,
				5CF9E60D2AE03DF40068B6BD /* Resources */,
			);
			buildRules = (
			);
			dependencies = (
				5CF9E6112AE03DF40068B6BD /* PBXTargetDependency */,
			);
			name = ValorantAppTests;
			productName = ValorantAppTests;
			productReference = 5CF9E60F2AE03DF40068B6BD /* ValorantAppTests.xctest */;
			productType = "com.apple.product-type.bundle.unit-test";
		};
		5CF9E6182AE03DF40068B6BD /* ValorantAppUITests */ = {
			isa = PBXNativeTarget;
			buildConfigurationList = 5CF9E6292AE03DF40068B6BD /* Build configuration list for PBXNativeTarget "ValorantAppUITests" */;
			buildPhases = (
				5CF9E6152AE03DF40068B6BD /* Sources */,
				5CF9E6162AE03DF40068B6BD /* Frameworks */,
				5CF9E6172AE03DF40068B6BD /* Resources */,
			);
			buildRules = (
			);
			dependencies = (
				5CF9E61B2AE03DF40068B6BD /* PBXTargetDependency */,
			);
			name = ValorantAppUITests;
			productName = ValorantAppUITests;
			productReference = 5CF9E6192AE03DF40068B6BD /* ValorantAppUITests.xctest */;
			productType = "com.apple.product-type.bundle.ui-testing";
		};
/* End PBXNativeTarget section */

/* Begin PBXProject section */
		5CF9E5F72AE03DF30068B6BD /* Project object */ = {
			isa = PBXProject;
			attributes = {
				BuildIndependentTargetsInParallel = 1;
				LastSwiftUpdateCheck = 1500;
				LastUpgradeCheck = 1500;
				TargetAttributes = {
					5CF9E5FE2AE03DF30068B6BD = {
						CreatedOnToolsVersion = 15.0;
					};
					5CF9E60E2AE03DF40068B6BD = {
						CreatedOnToolsVersion = 15.0;
						TestTargetID = 5CF9E5FE2AE03DF30068B6BD;
					};
					5CF9E6182AE03DF40068B6BD = {
						CreatedOnToolsVersion = 15.0;
						TestTargetID = 5CF9E5FE2AE03DF30068B6BD;
					};
				};
			};
			buildConfigurationList = 5CF9E5FA2AE03DF30068B6BD /* Build configuration list for PBXProject "ValorantApp" */;
			compatibilityVersion = "Xcode 14.0";
			developmentRegion = en;
			hasScannedForEncodings = 0;
			knownRegions = (
				en,
				Base,
			);
			mainGroup = 5CF9E5F62AE03DF30068B6BD;
			productRefGroup = 5CF9E6002AE03DF30068B6BD /* Products */;
			projectDirPath = "";
			projectRoot = "";
			targets = (
				5CF9E5FE2AE03DF30068B6BD /* ValorantApp */,
				5CF9E60E2AE03DF40068B6BD /* ValorantAppTests */,
				5CF9E6182AE03DF40068B6BD /* ValorantAppUITests */,
			);
		};
/* End PBXProject section */

/* Begin PBXResourcesBuildPhase section */
		5CF9E5FD2AE03DF30068B6BD /* Resources */ = {
			isa = PBXResourcesBuildPhase;
			buildActionMask = 2147483647;
			files = (
				5CF9E60A2AE03DF40068B6BD /* Preview Assets.xcassets in Resources */,
				5CF9E6072AE03DF40068B6BD /* Assets.xcassets in Resources */,
			);
			runOnlyForDeploymentPostprocessing = 0;
		};
		5CF9E60D2AE03DF40068B6BD /* Resources */ = {
			isa = PBXResourcesBuildPhase;
			buildActionMask = 2147483647;
			files = (
			);
			runOnlyForDeploymentPostprocessing = 0;
		};
		5CF9E6172AE03DF40068B6BD /* Resources */ = {
			isa = PBXResourcesBuildPhase;
			buildActionMask = 2147483647;
			files = (
			);
			runOnlyForDeploymentPostprocessing = 0;
		};
/* End PBXResourcesBuildPhase section */

/* Begin PBXSourcesBuildPhase section */
		5CF9E5FB2AE03DF30068B6BD /* Sources */ = {
			isa = PBXSourcesBuildPhase;
			buildActionMask = 2147483647;
			files = (
				5CF9E6052AE03DF30068B6BD /* ContentView.swift in Sources */,
				5CF9E6032AE03DF30068B6BD /* ValorantAppApp.swift in Sources */,
			);
			runOnlyForDeploymentPostprocessing = 0;
		};
		5CF9E60B2AE03DF40068B6BD /* Sources */ = {
			isa = PBXSourcesBuildPhase;
			buildActionMask = 2147483647;
			files = (
				5CF9E6142AE03DF40068B6BD /* ValorantAppTests.swift in Sources */,
			);
			runOnlyForDeploymentPostprocessing = 0;
		};
		5CF9E6152AE03DF40068B6BD /* Sources */ = {
			isa = PBXSourcesBuildPhase;
			buildActionMask = 2147483647;
			files = (
				5CF9E61E2AE03DF40068B6BD /* ValorantAppUITests.swift in Sources */,
				5CF9E6202AE03DF40068B6BD /* ValorantAppUITestsLaunchTests.swift in Sources */,
			);
			runOnlyForDeploymentPostprocessing = 0;
		};
/* End PBXSourcesBuildPhase section */

/* Begin PBXTargetDependency section */
		5CF9E6112AE03DF40068B6BD /* PBXTargetDependency */ = {
			isa = PBXTargetDependency;
			target = 5CF9E5FE2AE03DF30068B6BD /* ValorantApp */;
			targetProxy = 5CF9E6102AE03DF40068B6BD /* PBXContainerItemProxy */;
		};
		5CF9E61B2AE03DF40068B6BD /* PBXTargetDependency */ = {
			isa = PBXTargetDependency;
			target = 5CF9E5FE2AE03DF30068B6BD /* ValorantApp */;
			targetProxy = 5CF9E61A2AE03DF40068B6BD /* PBXContainerItemProxy */;
		};
/* End PBXTargetDependency section */

/* Begin XCBuildConfiguration section */
		5CF9E6212AE03DF40068B6BD /* Debug */ = {
			isa = XCBuildConfiguration;
			buildSettings = {
				ALWAYS_SEARCH_USER_PATHS = NO;
				ASSETCATALOG_COMPILER_GENERATE_SWIFT_ASSET_SYMBOL_EXTENSIONS = YES;
				CLANG_ANALYZER_NONNULL = YES;
				CLANG_ANALYZER_NUMBER_OBJECT_CONVERSION = YES_AGGRESSIVE;
				CLANG_CXX_LANGUAGE_STANDARD = "gnu++20";
				CLANG_ENABLE_MODULES = YES;
				CLANG_ENABLE_OBJC_ARC = YES;
				CLANG_ENABLE_OBJC_WEAK = YES;
				CLANG_WARN_BLOCK_CAPTURE_AUTORELEASING = YES;
				CLANG_WARN_BOOL_CONVERSION = YES;
				CLANG_WARN_COMMA = YES;
				CLANG_WARN_CONSTANT_CONVERSION = YES;
				CLANG_WARN_DEPRECATED_OBJC_IMPLEMENTATIONS = YES;
				CLANG_WARN_DIRECT_OBJC_ISA_USAGE = YES_ERROR;
				CLANG_WARN_DOCUMENTATION_COMMENTS = YES;
				CLANG_WARN_EMPTY_BODY = YES;
				CLANG_WARN_ENUM_CONVERSION = YES;
				CLANG_WARN_INFINITE_RECURSION = YES;
				CLANG_WARN_INT_CONVERSION = YES;
				CLANG_WARN_NON_LITERAL_NULL_CONVERSION = YES;
				CLANG_WARN_OBJC_IMPLICIT_RETAIN_SELF = YES;
				CLANG_WARN_OBJC_LITERAL_CONVERSION = YES;
				CLANG_WARN_OBJC_ROOT_CLASS = YES_ERROR;
				CLANG_WARN_QUOTED_INCLUDE_IN_FRAMEWORK_HEADER = YES;
				CLANG_WARN_RANGE_LOOP_ANALYSIS = YES;
				CLANG_WARN_STRICT_PROTOTYPES = YES;
				CLANG_WARN_SUSPICIOUS_MOVE = YES;
				CLANG_WARN_UNGUARDED_AVAILABILITY = YES_AGGRESSIVE;
				CLANG_WARN_UNREACHABLE_CODE = YES;
				CLANG_WARN__DUPLICATE_METHOD_MATCH = YES;
				COPY_PHASE_STRIP = NO;
				DEBUG_INFORMATION_FORMAT = dwarf;
				ENABLE_STRICT_OBJC_MSGSEND = YES;
				ENABLE_TESTABILITY = YES;
				ENABLE_USER_SCRIPT_SANDBOXING = YES;
				GCC_C_LANGUAGE_STANDARD = gnu17;
				GCC_DYNAMIC_NO_PIC = NO;
				GCC_NO_COMMON_BLOCKS = YES;
				GCC_OPTIMIZATION_LEVEL = 0;
				GCC_PREPROCESSOR_DEFINITIONS = (
					"DEBUG=1",
					"$(inherited)",
				);
				GCC_WARN_64_TO_32_BIT_CONVERSION = YES;
				GCC_WARN_ABOUT_RETURN_TYPE = YES_ERROR;
				GCC_WARN_UNDECLARED_SELECTOR = YES;
				GCC_WARN_UNINITIALIZED_AUTOS = YES_AGGRESSIVE;
				GCC_WARN_UNUSED_FUNCTION = YES;
				GCC_WARN_UNUSED_VARIABLE = YES;
				IPHONEOS_DEPLOYMENT_TARGET = 17.0;
				LOCALIZATION_PREFERS_STRING_CATALOGS = YES;
				MTL_ENABLE_DEBUG_INFO = INCLUDE_SOURCE;
				MTL_FAST_MATH = YES;
				ONLY_ACTIVE_ARCH = YES;
				SDKROOT = iphoneos;
				SWIFT_ACTIVE_COMPILATION_CONDITIONS = "DEBUG $(inherited)";
				SWIFT_OPTIMIZATION_LEVEL = "-Onone";
			};
			name = Debug;
		};
		5CF9E6222AE03DF40068B6BD /* Release */ = {
			isa = XCBuildConfiguration;
			buildSettings = {
				ALWAYS_SEARCH_USER_PATHS = NO;
				ASSETCATALOG_COMPILER_GENERATE_SWIFT_ASSET_SYMBOL_EXTENSIONS = YES;
				CLANG_ANALYZER_NONNULL = YES;
				CLANG_ANALYZER_NUMBER_OBJECT_CONVERSION = YES_AGGRESSIVE;
				CLANG_CXX_LANGUAGE_STANDARD = "gnu++20";
				CLANG_ENABLE_MODULES = YES;
				CLANG_ENABLE_OBJC_ARC = YES;
				CLANG_ENABLE_OBJC_WEAK = YES;
				CLANG_WARN_BLOCK_CAPTURE_AUTORELEASING = YES;
				CLANG_WARN_BOOL_CONVERSION = YES;
				CLANG_WARN_COMMA = YES;
				CLANG_WARN_CONSTANT_CONVERSION = YES;
				CLANG_WARN_DEPRECATED_OBJC_IMPLEMENTATIONS = YES;
				CLANG_WARN_DIRECT_OBJC_ISA_USAGE = YES_ERROR;
				CLANG_WARN_DOCUMENTATION_COMMENTS = YES;
				CLANG_WARN_EMPTY_BODY = YES;
				CLANG_WARN_ENUM_CONVERSION = YES;
				CLANG_WARN_INFINITE_RECURSION = YES;
				CLANG_WARN_INT_CONVERSION = YES;
				CLANG_WARN_NON_LITERAL_NULL_CONVERSION = YES;
				CLANG_WARN_OBJC_IMPLICIT_RETAIN_SELF = YES;
				CLANG_WARN_OBJC_LITERAL_CONVERSION = YES;
				CLANG_WARN_OBJC_ROOT_CLASS = YES_ERROR;
				CLANG_WARN_QUOTED_INCLUDE_IN_FRAMEWORK_HEADER = YES;
				CLANG_WARN_RANGE_LOOP_ANALYSIS = YES;
				CLANG_WARN_STRICT_PROTOTYPES = YES;
				CLANG_WARN_SUSPICIOUS_MOVE = YES;
				CLANG_WARN_UNGUARDED_AVAILABILITY = YES_AGGRESSIVE;
				CLANG_WARN_UNREACHABLE_CODE = YES;
				CLANG_WARN__DUPLICATE_METHOD_MATCH = YES;
				COPY_PHASE_STRIP = NO;
				DEBUG_INFORMATION_FORMAT = "dwarf-with-dsym";
				ENABLE_NS_ASSERTIONS = NO;
				ENABLE_STRICT_OBJC_MSGSEND = YES;
				ENABLE_USER_SCRIPT_SANDBOXING = YES;
				GCC_C_LANGUAGE_STANDARD = gnu17;
				GCC_NO_COMMON_BLOCKS = YES;
				GCC_WARN_64_TO_32_BIT_CONVERSION = YES;
				GCC_WARN_ABOUT_RETURN_TYPE = YES_ERROR;
				GCC_WARN_UNDECLARED_SELECTOR = YES;
				GCC_WARN_UNINITIALIZED_AUTOS = YES_AGGRESSIVE;
				GCC_WARN_UNUSED_FUNCTION = YES;
				GCC_WARN_UNUSED_VARIABLE = YES;
				IPHONEOS_DEPLOYMENT_TARGET = 17.0;
				LOCALIZATION_PREFERS_STRING_CATALOGS = YES;
				MTL_ENABLE_DEBUG_INFO = NO;
				MTL_FAST_MATH = YES;
				SDKROOT = iphoneos;
				SWIFT_COMPILATION_MODE = wholemodule;
				VALIDATE_PRODUCT = YES;
			};
			name = Release;
		};
		5CF9E6242AE03DF40068B6BD /* Debug */ = {
			isa = XCBuildConfiguration;
			buildSettings = {
				ASSETCATALOG_COMPILER_APPICON_NAME = AppIcon;
				ASSETCATALOG_COMPILER_GLOBAL_ACCENT_COLOR_NAME = AccentColor;
				CODE_SIGN_STYLE = Automatic;
				CURRENT_PROJECT_VERSION = 1;
				DEVELOPMENT_ASSET_PATHS = "\"ValorantApp/Preview Content\"";
				DEVELOPMENT_TEAM = 72DGBQN223;
				ENABLE_PREVIEWS = YES;
				GENERATE_INFOPLIST_FILE = YES;
				INFOPLIST_KEY_UIApplicationSceneManifest_Generation = YES;
				INFOPLIST_KEY_UIApplicationSupportsIndirectInputEvents = YES;
				INFOPLIST_KEY_UILaunchScreen_Generation = YES;
				INFOPLIST_KEY_UISupportedInterfaceOrientations_iPad = "UIInterfaceOrientationPortrait UIInterfaceOrientationPortraitUpsideDown UIInterfaceOrientationLandscapeLeft UIInterfaceOrientationLandscapeRight";
				INFOPLIST_KEY_UISupportedInterfaceOrientations_iPhone = "UIInterfaceOrientationPortrait UIInterfaceOrientationLandscapeLeft UIInterfaceOrientationLandscapeRight";
				LD_RUNPATH_SEARCH_PATHS = (
					"$(inherited)",
					"@executable_path/Frameworks",
				);
				MARKETING_VERSION = 1.0;
				PRODUCT_BUNDLE_IDENTIFIER = omerErbalta.ValorantApp;
				PRODUCT_NAME = "$(TARGET_NAME)";
				SWIFT_EMIT_LOC_STRINGS = YES;
				SWIFT_VERSION = 5.0;
				TARGETED_DEVICE_FAMILY = "1,2";
			};
			name = Debug;
		};
		5CF9E6252AE03DF40068B6BD /* Release */ = {
			isa = XCBuildConfiguration;
			buildSettings = {
				ASSETCATALOG_COMPILER_APPICON_NAME = AppIcon;
				ASSETCATALOG_COMPILER_GLOBAL_ACCENT_COLOR_NAME = AccentColor;
				CODE_SIGN_STYLE = Automatic;
				CURRENT_PROJECT_VERSION = 1;
				DEVELOPMENT_ASSET_PATHS = "\"ValorantApp/Preview Content\"";
				DEVELOPMENT_TEAM = 72DGBQN223;
				ENABLE_PREVIEWS = YES;
				GENERATE_INFOPLIST_FILE = YES;
				INFOPLIST_KEY_UIApplicationSceneManifest_Generation = YES;
				INFOPLIST_KEY_UIApplicationSupportsIndirectInputEvents = YES;
				INFOPLIST_KEY_UILaunchScreen_Generation = YES;
				INFOPLIST_KEY_UISupportedInterfaceOrientations_iPad = "UIInterfaceOrientationPortrait UIInterfaceOrientationPortraitUpsideDown UIInterfaceOrientationLandscapeLeft UIInterfaceOrientationLandscapeRight";
				INFOPLIST_KEY_UISupportedInterfaceOrientations_iPhone = "UIInterfaceOrientationPortrait UIInterfaceOrientationLandscapeLeft UIInterfaceOrientationLandscapeRight";
				LD_RUNPATH_SEARCH_PATHS = (
					"$(inherited)",
					"@executable_path/Frameworks",
				);
				MARKETING_VERSION = 1.0;
				PRODUCT_BUNDLE_IDENTIFIER = omerErbalta.ValorantApp;
				PRODUCT_NAME = "$(TARGET_NAME)";
				SWIFT_EMIT_LOC_STRINGS = YES;
				SWIFT_VERSION = 5.0;
				TARGETED_DEVICE_FAMILY = "1,2";
			};
			name = Release;
		};
		5CF9E6272AE03DF40068B6BD /* Debug */ = {
			isa = XCBuildConfiguration;
			buildSettings = {
				ALWAYS_EMBED_SWIFT_STANDARD_LIBRARIES = YES;
				BUNDLE_LOADER = "$(TEST_HOST)";
				CODE_SIGN_STYLE = Automatic;
				CURRENT_PROJECT_VERSION = 1;
				DEVELOPMENT_TEAM = 72DGBQN223;
				GENERATE_INFOPLIST_FILE = YES;
				IPHONEOS_DEPLOYMENT_TARGET = 17.0;
				MARKETING_VERSION = 1.0;
				PRODUCT_BUNDLE_IDENTIFIER = omerErbalta.ValorantAppTests;
				PRODUCT_NAME = "$(TARGET_NAME)";
				SWIFT_EMIT_LOC_STRINGS = NO;
				SWIFT_VERSION = 5.0;
				TARGETED_DEVICE_FAMILY = "1,2";
				TEST_HOST = "$(BUILT_PRODUCTS_DIR)/ValorantApp.app/$(BUNDLE_EXECUTABLE_FOLDER_PATH)/ValorantApp";
			};
			name = Debug;
		};
		5CF9E6282AE03DF40068B6BD /* Release */ = {
			isa = XCBuildConfiguration;
			buildSettings = {
				ALWAYS_EMBED_SWIFT_STANDARD_LIBRARIES = YES;
				BUNDLE_LOADER = "$(TEST_HOST)";
				CODE_SIGN_STYLE = Automatic;
				CURRENT_PROJECT_VERSION = 1;
				DEVELOPMENT_TEAM = 72DGBQN223;
				GENERATE_INFOPLIST_FILE = YES;
				IPHONEOS_DEPLOYMENT_TARGET = 17.0;
				MARKETING_VERSION = 1.0;
				PRODUCT_BUNDLE_IDENTIFIER = omerErbalta.ValorantAppTests;
				PRODUCT_NAME = "$(TARGET_NAME)";
				SWIFT_EMIT_LOC_STRINGS = NO;
				SWIFT_VERSION = 5.0;
				TARGETED_DEVICE_FAMILY = "1,2";
				TEST_HOST = "$(BUILT_PRODUCTS_DIR)/ValorantApp.app/$(BUNDLE_EXECUTABLE_FOLDER_PATH)/ValorantApp";
			};
			name = Release;
		};
		5CF9E62A2AE03DF40068B6BD /* Debug */ = {
			isa = XCBuildConfiguration;
			buildSettings = {
				ALWAYS_EMBED_SWIFT_STANDARD_LIBRARIES = YES;
				CODE_SIGN_STYLE = Automatic;
				CURRENT_PROJECT_VERSION = 1;
				DEVELOPMENT_TEAM = 72DGBQN223;
				GENERATE_INFOPLIST_FILE = YES;
				MARKETING_VERSION = 1.0;
				PRODUCT_BUNDLE_IDENTIFIER = omerErbalta.ValorantAppUITests;
				PRODUCT_NAME = "$(TARGET_NAME)";
				SWIFT_EMIT_LOC_STRINGS = NO;
				SWIFT_VERSION = 5.0;
				TARGETED_DEVICE_FAMILY = "1,2";
				TEST_TARGET_NAME = ValorantApp;
			};
			name = Debug;
		};
		5CF9E62B2AE03DF40068B6BD /* Release */ = {
			isa = XCBuildConfiguration;
			buildSettings = {
				ALWAYS_EMBED_SWIFT_STANDARD_LIBRARIES = YES;
				CODE_SIGN_STYLE = Automatic;
				CURRENT_PROJECT_VERSION = 1;
				DEVELOPMENT_TEAM = 72DGBQN223;
				GENERATE_INFOPLIST_FILE = YES;
				MARKETING_VERSION = 1.0;
				PRODUCT_BUNDLE_IDENTIFIER = omerErbalta.ValorantAppUITests;
				PRODUCT_NAME = "$(TARGET_NAME)";
				SWIFT_EMIT_LOC_STRINGS = NO;
				SWIFT_VERSION = 5.0;
				TARGETED_DEVICE_FAMILY = "1,2";
				TEST_TARGET_NAME = ValorantApp;
			};
			name = Release;
		};
/* End XCBuildConfiguration section */

/* Begin XCConfigurationList section */
		5CF9E5FA2AE03DF30068B6BD /* Build configuration list for PBXProject "ValorantApp" */ = {
			isa = XCConfigurationList;
			buildConfigurations = (
				5CF9E6212AE03DF40068B6BD /* Debug */,
				5CF9E6222AE03DF40068B6BD /* Release */,
			);
			defaultConfigurationIsVisible = 0;
			defaultConfigurationName = Release;
		};
		5CF9E6232AE03DF40068B6BD /* Build configuration list for PBXNativeTarget "ValorantApp" */ = {
			isa = XCConfigurationList;
			buildConfigurations = (
				5CF9E6242AE03DF40068B6BD /* Debug */,
				5CF9E6252AE03DF40068B6BD /* Release */,
			);
			defaultConfigurationIsVisible = 0;
			defaultConfigurationName = Release;
		};
		5CF9E6262AE03DF40068B6BD /* Build configuration list for PBXNativeTarget "ValorantAppTests" */ = {
			isa = XCConfigurationList;
			buildConfigurations = (
				5CF9E6272AE03DF40068B6BD /* Debug */,
				5CF9E6282AE03DF40068B6BD /* Release */,
			);
			defaultConfigurationIsVisible = 0;
			defaultConfigurationName = Release;
		};
		5CF9E6292AE03DF40068B6BD /* Build configuration list for PBXNativeTarget "ValorantAppUITests" */ = {
			isa = XCConfigurationList;
			buildConfigurations = (
				5CF9E62A2AE03DF40068B6BD /* Debug */,
				5CF9E62B2AE03DF40068B6BD /* Release */,
			);
			defaultConfigurationIsVisible = 0;
			defaultConfigurationName = Release;
		};
/* End XCConfigurationList section */
	};
	rootObject = 5CF9E5F72AE03DF30068B6BD /* Project object */;
}
